
Microsoft Visual Studio Solution File, Format Version 12.00
Project("{FAE04EC0-301F-11D3-BF4B-00C04F79EFBC}") = "NotificationService.Api", "NotificationService.Api\NotificationService.Api.csproj", "{98E0C958-B636-4FCE-A557-6D7FEBF68B59}"
EndProject
Project("{FAE04EC0-301F-11D3-BF4B-00C04F79EFBC}") = "NotificationService.Domain", "NotificationService.Domain\NotificationService.Domain.csproj", "{80A4FABE-F07F-4F76-A389-0601DF9084A8}"
EndProject
Project("{FAE04EC0-301F-11D3-BF4B-00C04F79EFBC}") = "NotificationService.DataAccess", "NotificationService.DataAccess\NotificationService.DataAccess.csproj", "{D5ED84FD-3770-4881-AFA7-8A41E51B2465}"
EndProject
Project("{FAE04EC0-301F-11D3-BF4B-00C04F79EFBC}") = "NotificationService.MessageBrokerAccess", "NotificationService.MessageBrokerAccess\NotificationService.MessageBrokerAccess.csproj", "{A3720DB9-93D5-49C2-878C-43893D835B67}"
EndProject
Global
	GlobalSection(SolutionConfigurationPlatforms) = preSolution
		Debug|Any CPU = Debug|Any CPU
		Release|Any CPU = Release|Any CPU
	EndGlobalSection
	GlobalSection(ProjectConfigurationPlatforms) = postSolution
		{98E0C958-B636-4FCE-A557-6D7FEBF68B59}.Debug|Any CPU.ActiveCfg = Debug|Any CPU
		{98E0C958-B636-4FCE-A557-6D7FEBF68B59}.Debug|Any CPU.Build.0 = Debug|Any CPU
		{98E0C958-B636-4FCE-A557-6D7FEBF68B59}.Release|Any CPU.ActiveCfg = Release|Any CPU
		{98E0C958-B636-4FCE-A557-6D7FEBF68B59}.Release|Any CPU.Build.0 = Release|Any CPU
		{80A4FABE-F07F-4F76-A389-0601DF9084A8}.Debug|Any CPU.ActiveCfg = Debug|Any CPU
		{80A4FABE-F07F-4F76-A389-0601DF9084A8}.Debug|Any CPU.Build.0 = Debug|Any CPU
		{80A4FABE-F07F-4F76-A389-0601DF9084A8}.Release|Any CPU.ActiveCfg = Release|Any CPU
		{80A4FABE-F07F-4F76-A389-0601DF9084A8}.Release|Any CPU.Build.0 = Release|Any CPU
		{D5ED84FD-3770-4881-AFA7-8A41E51B2465}.Debug|Any CPU.ActiveCfg = Debug|Any CPU
		{D5ED84FD-3770-4881-AFA7-8A41E51B2465}.Debug|Any CPU.Build.0 = Debug|Any CPU
		{D5ED84FD-3770-4881-AFA7-8A41E51B2465}.Release|Any CPU.ActiveCfg = Release|Any CPU
		{D5ED84FD-3770-4881-AFA7-8A41E51B2465}.Release|Any CPU.Build.0 = Release|Any CPU
		{A3720DB9-93D5-49C2-878C-43893D835B67}.Debug|Any CPU.ActiveCfg = Debug|Any CPU
		{A3720DB9-93D5-49C2-878C-43893D835B67}.Debug|Any CPU.Build.0 = Debug|Any CPU
		{A3720DB9-93D5-49C2-878C-43893D835B67}.Release|Any CPU.ActiveCfg = Release|Any CPU
		{A3720DB9-93D5-49C2-878C-43893D835B67}.Release|Any CPU.Build.0 = Release|Any CPU
	EndGlobalSection
EndGlobal
